
Microsoft Visual Studio Solution File, Format Version 12.00
# Visual Studio Version 16
VisualStudioVersion = 16.0.29926.136
MinimumVisualStudioVersion = 10.0.40219.1
Project("{FAE04EC0-301F-11D3-BF4B-00C04F79EFBC}") = "LINQ", "LINQ\LINQ.csproj", "{EF6B99A8-B73E-4A6C-AC20-FA0D59C66635}"
EndProject
Project("{FAE04EC0-301F-11D3-BF4B-00C04F79EFBC}") = "LibraryLinq", "LibraryLinq\LibraryLinq.csproj", "{52D14CC2-2993-4A6E-B5ED-17EF0444896E}"
EndProject
Project("{FAE04EC0-301F-11D3-BF4B-00C04F79EFBC}") = "LinqUI", "LinqUI\LinqUI.csproj", "{E828736E-E4D8-48B7-82DB-AC58CA0B941C}"
EndProject
Global
	GlobalSection(SolutionConfigurationPlatforms) = preSolution
		Debug|Any CPU = Debug|Any CPU
		Release|Any CPU = Release|Any CPU
	EndGlobalSection
	GlobalSection(ProjectConfigurationPlatforms) = postSolution
		{EF6B99A8-B73E-4A6C-AC20-FA0D59C66635}.Debug|Any CPU.ActiveCfg = Debug|Any CPU
		{EF6B99A8-B73E-4A6C-AC20-FA0D59C66635}.Debug|Any CPU.Build.0 = Debug|Any CPU
		{EF6B99A8-B73E-4A6C-AC20-FA0D59C66635}.Release|Any CPU.ActiveCfg = Release|Any CPU
		{EF6B99A8-B73E-4A6C-AC20-FA0D59C66635}.Release|Any CPU.Build.0 = Release|Any CPU
		{52D14CC2-2993-4A6E-B5ED-17EF0444896E}.Debug|Any CPU.ActiveCfg = Debug|Any CPU
		{52D14CC2-2993-4A6E-B5ED-17EF0444896E}.Debug|Any CPU.Build.0 = Debug|Any CPU
		{52D14CC2-2993-4A6E-B5ED-17EF0444896E}.Release|Any CPU.ActiveCfg = Release|Any CPU
		{52D14CC2-2993-4A6E-B5ED-17EF0444896E}.Release|Any CPU.Build.0 = Release|Any CPU
		{E828736E-E4D8-48B7-82DB-AC58CA0B941C}.Debug|Any CPU.ActiveCfg = Debug|Any CPU
		{E828736E-E4D8-48B7-82DB-AC58CA0B941C}.Debug|Any CPU.Build.0 = Debug|Any CPU
		{E828736E-E4D8-48B7-82DB-AC58CA0B941C}.Release|Any CPU.ActiveCfg = Release|Any CPU
		{E828736E-E4D8-48B7-82DB-AC58CA0B941C}.Release|Any CPU.Build.0 = Release|Any CPU
	EndGlobalSection
	GlobalSection(SolutionProperties) = preSolution
		HideSolutionNode = FALSE
	EndGlobalSection
	GlobalSection(ExtensibilityGlobals) = postSolution
		SolutionGuid = {4C771130-8290-40F1-A265-7F370BE73C50}
	EndGlobalSection
EndGlobal
